{
  "name": "sr_match_capture",
  "version": "1.1.0",
  "lockfileVersion": 1,
  "requires": true,
  "dependencies": {
    "@types/node": {
      "version": "14.11.10",
      "resolved": "https://registry.npmjs.org/@types/node/-/node-14.11.10.tgz",
      "integrity": "sha512-yV1nWZPlMFpoXyoknm4S56y2nlTAuFYaJuQtYRAOU7xA/FJ9RY0Xm7QOkaYMMmr8ESdHIuUb6oQgR/0+2NqlyA==",
      "dev": true
    },
    "sr_core_ts": {
      "version": "1.46.41",
      "resolved": "https://registry.npmjs.org/sr_core_ts/-/sr_core_ts-1.46.41.tgz",
      "integrity": "sha512-DBtCD9Y/lwHdLyXofGkKYKVn9FYRIuHy6YTTMSkpagehe+Sonoe1RR18xTcEcAsyDfW6JLKhFkl+riLSf8F19A=="
    },
    "sr_test_framework": {
      "version": "1.0.15",
      "resolved": "https://registry.npmjs.org/sr_test_framework/-/sr_test_framework-1.0.15.tgz",
      "integrity": "sha512-IWYLNJ/oYJgKdY1Z2m0FLYjp+aJnEmST32qibvfTnv89H1uZe6cJwVkcjvlDKrcfS7VoHIydsVLKPg0F4OIzAQ==",
      "dev": true,
      "requires": {
        "sr_core_ts": "^1.46.41"
      }
    },
    "typescript": {
      "version": "4.0.3",
      "resolved": "https://registry.npmjs.org/typescript/-/typescript-4.0.3.tgz",
      "integrity": "sha512-tEu6DGxGgRJPb/mVPIZ48e69xCn2yRmCgYmDugAVwmJ6o+0u1RI18eO7E7WBTLYLaEVVOhwQmcdhQHweux/WPg==",
      "dev": true
    }
  }
}
